
Microsoft Visual Studio Solution File, Format Version 12.00
# Visual Studio Version 16
VisualStudioVersion = 16.0.30611.23
MinimumVisualStudioVersion = 10.0.40219.1
Project("{9A19103F-16F7-4668-BE54-9A1E7A4F7556}") = "dkoprek_zadaca_3", "dkoprek_zadaca_3.csproj", "{DE443BCC-DC64-4472-9A4E-EAFD6AE9B7C3}"
EndProject
Global
	GlobalSection(SolutionConfigurationPlatforms) = preSolution
		Debug|Any CPU = Debug|Any CPU
		Release|Any CPU = Release|Any CPU
	EndGlobalSection
	GlobalSection(ProjectConfigurationPlatforms) = postSolution
		{DE443BCC-DC64-4472-9A4E-EAFD6AE9B7C3}.Debug|Any CPU.ActiveCfg = Debug|Any CPU
		{DE443BCC-DC64-4472-9A4E-EAFD6AE9B7C3}.Debug|Any CPU.Build.0 = Debug|Any CPU
		{DE443BCC-DC64-4472-9A4E-EAFD6AE9B7C3}.Release|Any CPU.ActiveCfg = Release|Any CPU
		{DE443BCC-DC64-4472-9A4E-EAFD6AE9B7C3}.Release|Any CPU.Build.0 = Release|Any CPU
	EndGlobalSection
	GlobalSection(SolutionProperties) = preSolution
		HideSolutionNode = FALSE
	EndGlobalSection
	GlobalSection(ExtensibilityGlobals) = postSolution
		SolutionGuid = {BEE915FC-35C5-41C0-B434-673CAD49FFB2}
	EndGlobalSection
EndGlobal
